
Microsoft Visual Studio Solution File, Format Version 12.00
# Visual Studio Version 16
VisualStudioVersion = 16.0.31019.35
MinimumVisualStudioVersion = 10.0.40219.1
Project("{8BC9CEB8-8B4A-11D0-8D11-00A0C91BC942}") = "Queue", "Queue\Queue.vcxproj", "{EFFE2182-3CEE-431C-82B9-0848FAE6B89B}"
EndProject
Global
	GlobalSection(SolutionConfigurationPlatforms) = preSolution
		Debug|x64 = Debug|x64
		Debug|x86 = Debug|x86
		Release|x64 = Release|x64
		Release|x86 = Release|x86
	EndGlobalSection
	GlobalSection(ProjectConfigurationPlatforms) = postSolution
		{EFFE2182-3CEE-431C-82B9-0848FAE6B89B}.Debug|x64.ActiveCfg = Debug|x64
		{EFFE2182-3CEE-431C-82B9-0848FAE6B89B}.Debug|x64.Build.0 = Debug|x64
		{EFFE2182-3CEE-431C-82B9-0848FAE6B89B}.Debug|x86.ActiveCfg = Debug|Win32
		{EFFE2182-3CEE-431C-82B9-0848FAE6B89B}.Debug|x86.Build.0 = Debug|Win32
		{EFFE2182-3CEE-431C-82B9-0848FAE6B89B}.Release|x64.ActiveCfg = Release|x64
		{EFFE2182-3CEE-431C-82B9-0848FAE6B89B}.Release|x64.Build.0 = Release|x64
		{EFFE2182-3CEE-431C-82B9-0848FAE6B89B}.Release|x86.ActiveCfg = Release|Win32
		{EFFE2182-3CEE-431C-82B9-0848FAE6B89B}.Release|x86.Build.0 = Release|Win32
	EndGlobalSection
	GlobalSection(SolutionProperties) = preSolution
		HideSolutionNode = FALSE
	EndGlobalSection
	GlobalSection(ExtensibilityGlobals) = postSolution
		SolutionGuid = {D3D1F9B0-38CB-4034-AD75-1B4EA83A0FD7}
	EndGlobalSection
EndGlobal
